
Microsoft Visual Studio Solution File, Format Version 12.00
# Visual Studio Version 16
VisualStudioVersion = 16.0.30626.31
MinimumVisualStudioVersion = 10.0.40219.1
Project("{FAE04EC0-301F-11D3-BF4B-00C04F79EFBC}") = "MongoDB.Wrapper", "MongoDB.Wrapper\MongoDB.Wrapper.csproj", "{AA81860E-8352-4DE0-9886-8DFE1F6D0311}"
EndProject
Global
	GlobalSection(SolutionConfigurationPlatforms) = preSolution
		Debug|Any CPU = Debug|Any CPU
		Release|Any CPU = Release|Any CPU
	EndGlobalSection
	GlobalSection(ProjectConfigurationPlatforms) = postSolution
		{AA81860E-8352-4DE0-9886-8DFE1F6D0311}.Debug|Any CPU.ActiveCfg = Debug|Any CPU
		{AA81860E-8352-4DE0-9886-8DFE1F6D0311}.Debug|Any CPU.Build.0 = Debug|Any CPU
		{AA81860E-8352-4DE0-9886-8DFE1F6D0311}.Release|Any CPU.ActiveCfg = Release|Any CPU
		{AA81860E-8352-4DE0-9886-8DFE1F6D0311}.Release|Any CPU.Build.0 = Release|Any CPU
	EndGlobalSection
	GlobalSection(SolutionProperties) = preSolution
		HideSolutionNode = FALSE
	EndGlobalSection
	GlobalSection(ExtensibilityGlobals) = postSolution
		SolutionGuid = {1E86F0DC-A5D9-4FCB-8AE8-5A396131EA92}
	EndGlobalSection
EndGlobal
